
Microsoft Visual Studio Solution File, Format Version 12.00
# Visual Studio Version 17
VisualStudioVersion = 17.0.31903.59
MinimumVisualStudioVersion = 10.0.40219.1
Project("{FAE04EC0-301F-11D3-BF4B-00C04F79EFBC}") = "TD001 建立 Thread物件 - .NET 1.0 作法", "TD001 建立 Thread物件 - .NET 1.0 作法\TD001 建立 Thread物件 - .NET 1.0 作法.csproj", "{2EE601D9-DF46-4D1F-9D4F-DD1A30D2CCC8}"
EndProject
Global
	GlobalSection(SolutionConfigurationPlatforms) = preSolution
		Debug|Any CPU = Debug|Any CPU
		Release|Any CPU = Release|Any CPU
	EndGlobalSection
	GlobalSection(ProjectConfigurationPlatforms) = postSolution
		{2EE601D9-DF46-4D1F-9D4F-DD1A30D2CCC8}.Debug|Any CPU.ActiveCfg = Debug|Any CPU
		{2EE601D9-DF46-4D1F-9D4F-DD1A30D2CCC8}.Debug|Any CPU.Build.0 = Debug|Any CPU
		{2EE601D9-DF46-4D1F-9D4F-DD1A30D2CCC8}.Release|Any CPU.ActiveCfg = Release|Any CPU
		{2EE601D9-DF46-4D1F-9D4F-DD1A30D2CCC8}.Release|Any CPU.Build.0 = Release|Any CPU
	EndGlobalSection
	GlobalSection(SolutionProperties) = preSolution
		HideSolutionNode = FALSE
	EndGlobalSection
	GlobalSection(ExtensibilityGlobals) = postSolution
		SolutionGuid = {37070A12-59F8-4967-8417-578ECF700706}
	EndGlobalSection
EndGlobal
