
Microsoft Visual Studio Solution File, Format Version 12.00
# Visual Studio Version 17
VisualStudioVersion = 17.0.31903.59
MinimumVisualStudioVersion = 10.0.40219.1
Project("{9A19103F-16F7-4668-BE54-9A1E7A4F7556}") = "TD001 建立 Thread物件 - .NET 1.0 作法", "TD001 建立 Thread物件 - .NET 1.0 作法\TD001 建立 Thread物件 - .NET 1.0 作法.csproj", "{2EE601D9-DF46-4D1F-9D4F-DD1A30D2CCC8}"
EndProject
Project("{9A19103F-16F7-4668-BE54-9A1E7A4F7556}") = "TD002 建立 Thread物件 - .NET 2.0 作法", "TD002 建立 Thread物件 - .NET 2.0 作法\TD002 建立 Thread物件 - .NET 2.0 作法.csproj", "{3CA83ED1-D05B-4C82-9962-0B12E2067153}"
EndProject
Project("{9A19103F-16F7-4668-BE54-9A1E7A4F7556}") = "TD003 建立 Thread物件 - .NET 3.0 作法", "TD003 建立 Thread物件 - .NET 3.0 作法\TD003 建立 Thread物件 - .NET 3.0 作法.csproj", "{F1B7B77E-5E38-455B-AED4-028CE762346E}"
EndProject
Project("{9A19103F-16F7-4668-BE54-9A1E7A4F7556}") = "TD004 封鎖等候執行緒完成 - Thread.Join", "TD004 封鎖等候執行緒完成 - Thread.Join\TD004 封鎖等候執行緒完成 - Thread.Join.csproj", "{64DEC4B5-CC70-44E8-BE2B-960C0BFF510C}"
EndProject
Project("{FAE04EC0-301F-11D3-BF4B-00C04F79EFBC}") = "TD005 封鎖等候執行緒完成 - AutoResetEvent", "TD005 封鎖等候執行緒完成 - AutoResetEvent\TD005 封鎖等候執行緒完成 - AutoResetEvent.csproj", "{4B4A25B4-19D1-4139-A95C-4A13891D8C9F}"
EndProject
Project("{FAE04EC0-301F-11D3-BF4B-00C04F79EFBC}") = "TD006 封鎖等候多個執行緒完成 - WaitHandle", "TD006 封鎖等候多個執行緒完成 - WaitHandle\TD006 封鎖等候多個執行緒完成 - WaitHandle.csproj", "{023AB0E6-9D8F-4F81-B0CC-3FB2EBD5DB53}"
EndProject
Project("{FAE04EC0-301F-11D3-BF4B-00C04F79EFBC}") = "TD007 無封鎖等候執行緒完成 - 回報事件方式", "TD007 無封鎖等候執行緒完成 - 回報事件方式\TD007 無封鎖等候執行緒完成 - 回報事件方式.csproj", "{E5DA7E22-9055-44F1-A173-9CF664FC7E1A}"
EndProject
Project("{FAE04EC0-301F-11D3-BF4B-00C04F79EFBC}") = "TD008 使用 WebClient 進行 EAP 非同步網頁存取呼叫", "TD008 使用 WebClient 進行 EAP 非同步網頁存取呼叫\TD008 使用 WebClient 進行 EAP 非同步網頁存取呼叫.csproj", "{42F83E9B-D84E-4F26-9712-A883FAA787F9}"
EndProject
Global
	GlobalSection(SolutionConfigurationPlatforms) = preSolution
		Debug|Any CPU = Debug|Any CPU
		Release|Any CPU = Release|Any CPU
	EndGlobalSection
	GlobalSection(ProjectConfigurationPlatforms) = postSolution
		{2EE601D9-DF46-4D1F-9D4F-DD1A30D2CCC8}.Debug|Any CPU.ActiveCfg = Debug|Any CPU
		{2EE601D9-DF46-4D1F-9D4F-DD1A30D2CCC8}.Debug|Any CPU.Build.0 = Debug|Any CPU
		{2EE601D9-DF46-4D1F-9D4F-DD1A30D2CCC8}.Release|Any CPU.ActiveCfg = Release|Any CPU
		{2EE601D9-DF46-4D1F-9D4F-DD1A30D2CCC8}.Release|Any CPU.Build.0 = Release|Any CPU
		{3CA83ED1-D05B-4C82-9962-0B12E2067153}.Debug|Any CPU.ActiveCfg = Debug|Any CPU
		{3CA83ED1-D05B-4C82-9962-0B12E2067153}.Debug|Any CPU.Build.0 = Debug|Any CPU
		{3CA83ED1-D05B-4C82-9962-0B12E2067153}.Release|Any CPU.ActiveCfg = Release|Any CPU
		{3CA83ED1-D05B-4C82-9962-0B12E2067153}.Release|Any CPU.Build.0 = Release|Any CPU
		{F1B7B77E-5E38-455B-AED4-028CE762346E}.Debug|Any CPU.ActiveCfg = Debug|Any CPU
		{F1B7B77E-5E38-455B-AED4-028CE762346E}.Debug|Any CPU.Build.0 = Debug|Any CPU
		{F1B7B77E-5E38-455B-AED4-028CE762346E}.Release|Any CPU.ActiveCfg = Release|Any CPU
		{F1B7B77E-5E38-455B-AED4-028CE762346E}.Release|Any CPU.Build.0 = Release|Any CPU
		{64DEC4B5-CC70-44E8-BE2B-960C0BFF510C}.Debug|Any CPU.ActiveCfg = Debug|Any CPU
		{64DEC4B5-CC70-44E8-BE2B-960C0BFF510C}.Debug|Any CPU.Build.0 = Debug|Any CPU
		{64DEC4B5-CC70-44E8-BE2B-960C0BFF510C}.Release|Any CPU.ActiveCfg = Release|Any CPU
		{64DEC4B5-CC70-44E8-BE2B-960C0BFF510C}.Release|Any CPU.Build.0 = Release|Any CPU
		{4B4A25B4-19D1-4139-A95C-4A13891D8C9F}.Debug|Any CPU.ActiveCfg = Debug|Any CPU
		{4B4A25B4-19D1-4139-A95C-4A13891D8C9F}.Debug|Any CPU.Build.0 = Debug|Any CPU
		{4B4A25B4-19D1-4139-A95C-4A13891D8C9F}.Release|Any CPU.ActiveCfg = Release|Any CPU
		{4B4A25B4-19D1-4139-A95C-4A13891D8C9F}.Release|Any CPU.Build.0 = Release|Any CPU
		{023AB0E6-9D8F-4F81-B0CC-3FB2EBD5DB53}.Debug|Any CPU.ActiveCfg = Debug|Any CPU
		{023AB0E6-9D8F-4F81-B0CC-3FB2EBD5DB53}.Debug|Any CPU.Build.0 = Debug|Any CPU
		{023AB0E6-9D8F-4F81-B0CC-3FB2EBD5DB53}.Release|Any CPU.ActiveCfg = Release|Any CPU
		{023AB0E6-9D8F-4F81-B0CC-3FB2EBD5DB53}.Release|Any CPU.Build.0 = Release|Any CPU
		{E5DA7E22-9055-44F1-A173-9CF664FC7E1A}.Debug|Any CPU.ActiveCfg = Debug|Any CPU
		{E5DA7E22-9055-44F1-A173-9CF664FC7E1A}.Debug|Any CPU.Build.0 = Debug|Any CPU
		{E5DA7E22-9055-44F1-A173-9CF664FC7E1A}.Release|Any CPU.ActiveCfg = Release|Any CPU
		{E5DA7E22-9055-44F1-A173-9CF664FC7E1A}.Release|Any CPU.Build.0 = Release|Any CPU
		{42F83E9B-D84E-4F26-9712-A883FAA787F9}.Debug|Any CPU.ActiveCfg = Debug|Any CPU
		{42F83E9B-D84E-4F26-9712-A883FAA787F9}.Debug|Any CPU.Build.0 = Debug|Any CPU
		{42F83E9B-D84E-4F26-9712-A883FAA787F9}.Release|Any CPU.ActiveCfg = Release|Any CPU
		{42F83E9B-D84E-4F26-9712-A883FAA787F9}.Release|Any CPU.Build.0 = Release|Any CPU
	EndGlobalSection
	GlobalSection(SolutionProperties) = preSolution
		HideSolutionNode = FALSE
	EndGlobalSection
	GlobalSection(ExtensibilityGlobals) = postSolution
		SolutionGuid = {37070A12-59F8-4967-8417-578ECF700706}
	EndGlobalSection
EndGlobal
